
Microsoft Visual Studio Solution File, Format Version 12.00
# Visual Studio 14
VisualStudioVersion = 14.0.25420.1
MinimumVisualStudioVersion = 10.0.40219.1
Project("{FAE04EC0-301F-11D3-BF4B-00C04F79EFBC}") = "Project1", "Project1\Project1.csproj", "{4D55F386-A99E-4AC1-BC11-1DE815DEA57B}"
EndProject
Project("{FAE04EC0-301F-11D3-BF4B-00C04F79EFBC}") = "chatapp.data", "chatapp.data\chatapp.data.csproj", "{4E5BAAA1-1F2E-4649-BD91-48BC2E621521}"
EndProject
Project("{FAE04EC0-301F-11D3-BF4B-00C04F79EFBC}") = "PlainQueries", "PlainQueries\PlainQueries.csproj", "{E8C170E2-3E58-4C23-AEA2-F95714F9BDC2}"
EndProject
Project("{FAE04EC0-301F-11D3-BF4B-00C04F79EFBC}") = "chatapp.services", "chatapp.services\chatapp.services.csproj", "{E3A5D4E8-BD45-4458-AB20-0277104AF02E}"
EndProject
Global
	GlobalSection(SolutionConfigurationPlatforms) = preSolution
		Debug|Any CPU = Debug|Any CPU
		Release|Any CPU = Release|Any CPU
	EndGlobalSection
	GlobalSection(ProjectConfigurationPlatforms) = postSolution
		{4D55F386-A99E-4AC1-BC11-1DE815DEA57B}.Debug|Any CPU.ActiveCfg = Debug|Any CPU
		{4D55F386-A99E-4AC1-BC11-1DE815DEA57B}.Debug|Any CPU.Build.0 = Debug|Any CPU
		{4D55F386-A99E-4AC1-BC11-1DE815DEA57B}.Release|Any CPU.ActiveCfg = Release|Any CPU
		{4D55F386-A99E-4AC1-BC11-1DE815DEA57B}.Release|Any CPU.Build.0 = Release|Any CPU
		{4E5BAAA1-1F2E-4649-BD91-48BC2E621521}.Debug|Any CPU.ActiveCfg = Debug|Any CPU
		{4E5BAAA1-1F2E-4649-BD91-48BC2E621521}.Debug|Any CPU.Build.0 = Debug|Any CPU
		{4E5BAAA1-1F2E-4649-BD91-48BC2E621521}.Release|Any CPU.ActiveCfg = Release|Any CPU
		{4E5BAAA1-1F2E-4649-BD91-48BC2E621521}.Release|Any CPU.Build.0 = Release|Any CPU
		{E8C170E2-3E58-4C23-AEA2-F95714F9BDC2}.Debug|Any CPU.ActiveCfg = Debug|Any CPU
		{E8C170E2-3E58-4C23-AEA2-F95714F9BDC2}.Debug|Any CPU.Build.0 = Debug|Any CPU
		{E8C170E2-3E58-4C23-AEA2-F95714F9BDC2}.Release|Any CPU.ActiveCfg = Release|Any CPU
		{E8C170E2-3E58-4C23-AEA2-F95714F9BDC2}.Release|Any CPU.Build.0 = Release|Any CPU
		{E3A5D4E8-BD45-4458-AB20-0277104AF02E}.Debug|Any CPU.ActiveCfg = Debug|Any CPU
		{E3A5D4E8-BD45-4458-AB20-0277104AF02E}.Debug|Any CPU.Build.0 = Debug|Any CPU
		{E3A5D4E8-BD45-4458-AB20-0277104AF02E}.Release|Any CPU.ActiveCfg = Release|Any CPU
		{E3A5D4E8-BD45-4458-AB20-0277104AF02E}.Release|Any CPU.Build.0 = Release|Any CPU
	EndGlobalSection
	GlobalSection(SolutionProperties) = preSolution
		HideSolutionNode = FALSE
	EndGlobalSection
EndGlobal
